
Microsoft Visual Studio Solution File, Format Version 12.00
# Visual Studio Version 16
VisualStudioVersion = 16.0.31729.503
MinimumVisualStudioVersion = 10.0.40219.1
Project("{FAE04EC0-301F-11D3-BF4B-00C04F79EFBC}") = "Souq Store", "Souq Store\Souq Store.csproj", "{2ECA303E-F2BB-42B3-8356-E5E5D6DF7A0D}"
EndProject
Global
	GlobalSection(SolutionConfigurationPlatforms) = preSolution
		Debug|Any CPU = Debug|Any CPU
		Release|Any CPU = Release|Any CPU
	EndGlobalSection
	GlobalSection(ProjectConfigurationPlatforms) = postSolution
		{2ECA303E-F2BB-42B3-8356-E5E5D6DF7A0D}.Debug|Any CPU.ActiveCfg = Debug|Any CPU
		{2ECA303E-F2BB-42B3-8356-E5E5D6DF7A0D}.Debug|Any CPU.Build.0 = Debug|Any CPU
		{2ECA303E-F2BB-42B3-8356-E5E5D6DF7A0D}.Release|Any CPU.ActiveCfg = Release|Any CPU
		{2ECA303E-F2BB-42B3-8356-E5E5D6DF7A0D}.Release|Any CPU.Build.0 = Release|Any CPU
	EndGlobalSection
	GlobalSection(SolutionProperties) = preSolution
		HideSolutionNode = FALSE
	EndGlobalSection
	GlobalSection(ExtensibilityGlobals) = postSolution
		SolutionGuid = {0E8A8567-B862-45C2-AD42-4323BFB033E2}
	EndGlobalSection
EndGlobal
